{
  "version": 4,
  "terraform_version": "1.15.5",
  "serial": 3,
  "lineage": "4c70d66c-23a6-dfac-33c3-298436a9602b",
  "outputs": {
    "vpc_id": {
      "value": "aws_vpc.my_vpc",
      "type": "string"
    }
  },
  "resources": [
    {
      "mode": "managed",
      "type": "aws_vpc",
      "name": "my_vpc",
      "provider": "provider[\"registry.terraform.io/hashicorp/aws\"]",
      "instances": [
        {
          "schema_version": 1,
          "attributes": {
            "arn": "arn:aws:ec2:us-east-1:907199504248:vpc/vpc-03cc7e1060423ffa9",
            "assign_generated_ipv6_cidr_block": false,
            "cidr_block": "10.0.0.0/16",
            "default_network_acl_id": "acl-0b07adee115054acc",
            "default_route_table_id": "rtb-0bc75f57937910458",
            "default_security_group_id": "sg-0a6753372e0a57e0e",
            "dhcp_options_id": "dopt-090d4468cfe1e494d",
            "enable_dns_hostnames": true,
            "enable_dns_support": true,
            "enable_network_address_usage_metrics": false,
            "id": "vpc-03cc7e1060423ffa9",
            "instance_tenancy": "default",
            "ipv4_ipam_pool_id": null,
            "ipv4_netmask_length": null,
            "ipv6_association_id": "",
            "ipv6_cidr_block": "",
            "ipv6_cidr_block_network_border_group": "",
            "ipv6_ipam_pool_id": "",
            "ipv6_netmask_length": 0,
            "main_route_table_id": "rtb-0bc75f57937910458",
            "owner_id": "907199504248",
            "region": "us-east-1",
            "tags": {
              "Environment": "dev - Env",
              "Name": "Deena - Nirmal"
            },
            "tags_all": {
              "Environment": "dev - Env",
              "Name": "Deena - Nirmal"
            }
          },
          "sensitive_attributes": [],
          "identity_schema_version": 0,
          "identity": {
            "account_id": "907199504248",
            "id": "vpc-03cc7e1060423ffa9",
            "region": "us-east-1"
          },
          "private": "eyJzY2hlbWFfdmVyc2lvbiI6IjEifQ=="
        }
      ]
    }
  ],
  "check_results": null
}
